Microsoft Visual Studio Solution File, Format Version 11.00
# Visual Studio 2008

Project("{E73CC84F-68FF-EC90-6074-DCC106EE470C}") = "UnityPluginsTest", "Assembly-CSharp.csproj", "{2C206B85-9E38-F3C2-BAD9-1BAE3BE700D9}"
EndProject
Global
	GlobalSection(SolutionConfigurationPlatforms) = preSolution
		Debug|Any CPU = Debug|Any CPU
		Release|Any CPU = Release|Any CPU
	EndGlobalSection
	GlobalSection(ProjectConfigurationPlatforms) = postSolution
		{2C206B85-9E38-F3C2-BAD9-1BAE3BE700D9}.Debug|Any CPU.ActiveCfg = Debug|Any CPU
		{2C206B85-9E38-F3C2-BAD9-1BAE3BE700D9}.Debug|Any CPU.Build.0 = Debug|Any CPU
		{2C206B85-9E38-F3C2-BAD9-1BAE3BE700D9}.Release|Any CPU.ActiveCfg = Release|Any CPU
		{2C206B85-9E38-F3C2-BAD9-1BAE3BE700D9}.Release|Any CPU.Build.0 = Release|Any CPU
	EndGlobalSection
	GlobalSection(SolutionProperties) = preSolution
		HideSolutionNode = FALSE
	EndGlobalSection
	GlobalSection(MonoDevelopProperties) = preSolution
		StartupItem = Assembly-CSharp.csproj
	EndGlobalSection
EndGlobal
